
Microsoft Visual Studio Solution File, Format Version 12.00
# Visual Studio Version 16
VisualStudioVersion = 16.0.31129.286
MinimumVisualStudioVersion = 10.0.40219.1
Project("{888888A0-9F3D-457C-B088-3A5042F75D52}") = "pyRekonstrukce", "pyRekonstrukce.pyproj", "{A71D9286-BE93-4DA7-B7AA-463EE9689938}"
EndProject
Project("{888888A0-9F3D-457C-B088-3A5042F75D52}") = "plotPerfusions", "..\plotPerfusions\plotPerfusions.pyproj", "{42BF18F6-918E-44C9-8F38-289FD75A47E4}"
EndProject
Global
	GlobalSection(SolutionConfigurationPlatforms) = preSolution
		Debug|Any CPU = Debug|Any CPU
		Release|Any CPU = Release|Any CPU
	EndGlobalSection
	GlobalSection(ProjectConfigurationPlatforms) = postSolution
		{A71D9286-BE93-4DA7-B7AA-463EE9689938}.Debug|Any CPU.ActiveCfg = Debug|Any CPU
		{A71D9286-BE93-4DA7-B7AA-463EE9689938}.Release|Any CPU.ActiveCfg = Release|Any CPU
		{42BF18F6-918E-44C9-8F38-289FD75A47E4}.Debug|Any CPU.ActiveCfg = Debug|Any CPU
		{42BF18F6-918E-44C9-8F38-289FD75A47E4}.Release|Any CPU.ActiveCfg = Release|Any CPU
	EndGlobalSection
	GlobalSection(SolutionProperties) = preSolution
		HideSolutionNode = FALSE
	EndGlobalSection
	GlobalSection(ExtensibilityGlobals) = postSolution
		SolutionGuid = {4B8F92AD-C461-42A0-A17D-4419B609683B}
	EndGlobalSection
EndGlobal
